
Microsoft Visual Studio Solution File, Format Version 12.00
# Visual Studio Version 17
VisualStudioVersion = 17.2.32616.157
MinimumVisualStudioVersion = 10.0.40219.1
Project("{FAE04EC0-301F-11D3-BF4B-00C04F79EFBC}") = "Entities", "Entities\Entities.csproj", "{D47D5915-63A3-4BE1-9C65-10FCE7E41955}"
EndProject
Project("{FAE04EC0-301F-11D3-BF4B-00C04F79EFBC}") = "Experiments", "Experiments\Experiments.csproj", "{8F619DD5-1145-4372-826B-54BF347A0466}"
EndProject
Project("{FAE04EC0-301F-11D3-BF4B-00C04F79EFBC}") = "RepositoryService", "RepositoryService\RepositoryService.csproj", "{1C0201DB-71C8-4FA9-BD4B-8A20AFF6AC31}"
EndProject
Project("{FAE04EC0-301F-11D3-BF4B-00C04F79EFBC}") = "DAL", "DAL\DAL.csproj", "{5FE3265D-5780-4CDC-B516-68067BF19BEC}"
EndProject
Project("{FAE04EC0-301F-11D3-BF4B-00C04F79EFBC}") = "MusicMonkeyWebApp", "MusicMonkeyWebApp\MusicMonkeyWebApp.csproj", "{CCA5706C-E5C9-46E1-B4D0-B0894BE95B2F}"
EndProject
Global
	GlobalSection(SolutionConfigurationPlatforms) = preSolution
		Debug|Any CPU = Debug|Any CPU
		Release|Any CPU = Release|Any CPU
	EndGlobalSection
	GlobalSection(ProjectConfigurationPlatforms) = postSolution
		{D47D5915-63A3-4BE1-9C65-10FCE7E41955}.Debug|Any CPU.ActiveCfg = Debug|Any CPU
		{D47D5915-63A3-4BE1-9C65-10FCE7E41955}.Debug|Any CPU.Build.0 = Debug|Any CPU
		{D47D5915-63A3-4BE1-9C65-10FCE7E41955}.Release|Any CPU.ActiveCfg = Release|Any CPU
		{D47D5915-63A3-4BE1-9C65-10FCE7E41955}.Release|Any CPU.Build.0 = Release|Any CPU
		{8F619DD5-1145-4372-826B-54BF347A0466}.Debug|Any CPU.ActiveCfg = Debug|Any CPU
		{8F619DD5-1145-4372-826B-54BF347A0466}.Debug|Any CPU.Build.0 = Debug|Any CPU
		{8F619DD5-1145-4372-826B-54BF347A0466}.Release|Any CPU.ActiveCfg = Release|Any CPU
		{8F619DD5-1145-4372-826B-54BF347A0466}.Release|Any CPU.Build.0 = Release|Any CPU
		{1C0201DB-71C8-4FA9-BD4B-8A20AFF6AC31}.Debug|Any CPU.ActiveCfg = Debug|Any CPU
		{1C0201DB-71C8-4FA9-BD4B-8A20AFF6AC31}.Debug|Any CPU.Build.0 = Debug|Any CPU
		{1C0201DB-71C8-4FA9-BD4B-8A20AFF6AC31}.Release|Any CPU.ActiveCfg = Release|Any CPU
		{1C0201DB-71C8-4FA9-BD4B-8A20AFF6AC31}.Release|Any CPU.Build.0 = Release|Any CPU
		{5FE3265D-5780-4CDC-B516-68067BF19BEC}.Debug|Any CPU.ActiveCfg = Debug|Any CPU
		{5FE3265D-5780-4CDC-B516-68067BF19BEC}.Debug|Any CPU.Build.0 = Debug|Any CPU
		{5FE3265D-5780-4CDC-B516-68067BF19BEC}.Release|Any CPU.ActiveCfg = Release|Any CPU
		{5FE3265D-5780-4CDC-B516-68067BF19BEC}.Release|Any CPU.Build.0 = Release|Any CPU
		{CCA5706C-E5C9-46E1-B4D0-B0894BE95B2F}.Debug|Any CPU.ActiveCfg = Debug|Any CPU
		{CCA5706C-E5C9-46E1-B4D0-B0894BE95B2F}.Debug|Any CPU.Build.0 = Debug|Any CPU
		{CCA5706C-E5C9-46E1-B4D0-B0894BE95B2F}.Release|Any CPU.ActiveCfg = Release|Any CPU
		{CCA5706C-E5C9-46E1-B4D0-B0894BE95B2F}.Release|Any CPU.Build.0 = Release|Any CPU
	EndGlobalSection
	GlobalSection(SolutionProperties) = preSolution
		HideSolutionNode = FALSE
	EndGlobalSection
	GlobalSection(ExtensibilityGlobals) = postSolution
		SolutionGuid = {13DA5F82-0C07-4FA1-80EC-A53A4E95EFAB}
	EndGlobalSection
EndGlobal
